
Microsoft Visual Studio Solution File, Format Version 12.00
# Visual Studio 15
VisualStudioVersion = 15.0.26430.13
MinimumVisualStudioVersion = 10.0.40219.1
Project("{FAE04EC0-301F-11D3-BF4B-00C04F79EFBC}") = "ChallengeEpicSpiesAssignment", "ChallengeEpicSpiesAssignment\ChallengeEpicSpiesAssignment.csproj", "{816AD1B6-6093-459F-B48F-AF340EBE118C}"
EndProject
Global
	GlobalSection(SolutionConfigurationPlatforms) = preSolution
		Debug|Any CPU = Debug|Any CPU
		Release|Any CPU = Release|Any CPU
	EndGlobalSection
	GlobalSection(ProjectConfigurationPlatforms) = postSolution
		{816AD1B6-6093-459F-B48F-AF340EBE118C}.Debug|Any CPU.ActiveCfg = Debug|Any CPU
		{816AD1B6-6093-459F-B48F-AF340EBE118C}.Debug|Any CPU.Build.0 = Debug|Any CPU
		{816AD1B6-6093-459F-B48F-AF340EBE118C}.Release|Any CPU.ActiveCfg = Release|Any CPU
		{816AD1B6-6093-459F-B48F-AF340EBE118C}.Release|Any CPU.Build.0 = Release|Any CPU
	EndGlobalSection
	GlobalSection(SolutionProperties) = preSolution
		HideSolutionNode = FALSE
	EndGlobalSection
EndGlobal
